
Microsoft Visual Studio Solution File, Format Version 12.00
# Visual Studio Version 16
VisualStudioVersion = 16.0.30907.101
MinimumVisualStudioVersion = 10.0.40219.1
Project("{FAE04EC0-301F-11D3-BF4B-00C04F79EFBC}") = "WPFfromScratch", "WPFfromScratch\WPFfromScratch.csproj", "{E2BDD997-38B5-4966-8A57-0910FF5AB0D1}"
EndProject
Project("{9A19103F-16F7-4668-BE54-9A1E7A4F7556}") = "WPF-Desktop-App", "WPF-Desktop-App\WPF-Desktop-App.csproj", "{0E116495-7F9A-4C6D-B57F-C19386ECD7D4}"
EndProject
Project("{FAE04EC0-301F-11D3-BF4B-00C04F79EFBC}") = "WinFormPartielleKlassen", "WinFormPartielleKlassen\WinFormPartielleKlassen.csproj", "{6F62F7C9-9949-4D9D-B3E2-50957A7FD779}"
EndProject
Project("{FAE04EC0-301F-11D3-BF4B-00C04F79EFBC}") = "WPF-Container", "DesignerProjekte\WPF-Container.csproj", "{C193CF29-6D7A-4A40-9EEB-6DC67D14F0CD}"
EndProject
Project("{FAE04EC0-301F-11D3-BF4B-00C04F79EFBC}") = "WPF-Steuerelemente", "WPF-Steuerelemente\WPF-Steuerelemente.csproj", "{F717FA4E-66FA-44E9-97C2-7FF0CEA4D8B7}"
EndProject
Project("{FAE04EC0-301F-11D3-BF4B-00C04F79EFBC}") = "WPF-Datenbindung", "WPF-Datenbindung\WPF-Datenbindung.csproj", "{E0967BB9-6673-439A-BF8C-698F768E45B7}"
EndProject
Project("{FAE04EC0-301F-11D3-BF4B-00C04F79EFBC}") = "ADO-Net-Einführung", "ADO-Net-Einführung\ADO-Net-Einführung.csproj", "{67DF68E9-CFB8-48AD-9358-27965AF044A7}"
EndProject
Project("{FAE04EC0-301F-11D3-BF4B-00C04F79EFBC}") = "WPF-Datenbindung-DataSet", "WPF-Datenbindung-DataSet\WPF-Datenbindung-DataSet.csproj", "{B1AE75B9-C160-4519-BBAC-2C5EE6A3E832}"
EndProject
Project("{2150E333-8FDC-42A3-9474-1A3956D46DE8}") = "WPF + ADO", "WPF + ADO", "{B0C56587-5FCC-4B7B-B643-BD39B27C31DF}"
EndProject
Project("{FAE04EC0-301F-11D3-BF4B-00C04F79EFBC}") = "HTML-CSS-JS", "HTML-CSS-JS\HTML-CSS-JS.csproj", "{82E4BB91-6D4D-4032-B8F2-8A94216F741D}"
EndProject
Project("{2150E333-8FDC-42A3-9474-1A3956D46DE8}") = "HTMLSeiten", "HTMLSeiten", "{9A9F29FD-2295-4309-B64A-2646FC684F37}"
EndProject
Global
	GlobalSection(SolutionConfigurationPlatforms) = preSolution
		Debug|Any CPU = Debug|Any CPU
		Release|Any CPU = Release|Any CPU
	EndGlobalSection
	GlobalSection(ProjectConfigurationPlatforms) = postSolution
		{E2BDD997-38B5-4966-8A57-0910FF5AB0D1}.Debug|Any CPU.ActiveCfg = Debug|Any CPU
		{E2BDD997-38B5-4966-8A57-0910FF5AB0D1}.Debug|Any CPU.Build.0 = Debug|Any CPU
		{E2BDD997-38B5-4966-8A57-0910FF5AB0D1}.Release|Any CPU.ActiveCfg = Release|Any CPU
		{E2BDD997-38B5-4966-8A57-0910FF5AB0D1}.Release|Any CPU.Build.0 = Release|Any CPU
		{0E116495-7F9A-4C6D-B57F-C19386ECD7D4}.Debug|Any CPU.ActiveCfg = Debug|Any CPU
		{0E116495-7F9A-4C6D-B57F-C19386ECD7D4}.Debug|Any CPU.Build.0 = Debug|Any CPU
		{0E116495-7F9A-4C6D-B57F-C19386ECD7D4}.Release|Any CPU.ActiveCfg = Release|Any CPU
		{0E116495-7F9A-4C6D-B57F-C19386ECD7D4}.Release|Any CPU.Build.0 = Release|Any CPU
		{6F62F7C9-9949-4D9D-B3E2-50957A7FD779}.Debug|Any CPU.ActiveCfg = Debug|Any CPU
		{6F62F7C9-9949-4D9D-B3E2-50957A7FD779}.Debug|Any CPU.Build.0 = Debug|Any CPU
		{6F62F7C9-9949-4D9D-B3E2-50957A7FD779}.Release|Any CPU.ActiveCfg = Release|Any CPU
		{6F62F7C9-9949-4D9D-B3E2-50957A7FD779}.Release|Any CPU.Build.0 = Release|Any CPU
		{C193CF29-6D7A-4A40-9EEB-6DC67D14F0CD}.Debug|Any CPU.ActiveCfg = Debug|Any CPU
		{C193CF29-6D7A-4A40-9EEB-6DC67D14F0CD}.Debug|Any CPU.Build.0 = Debug|Any CPU
		{C193CF29-6D7A-4A40-9EEB-6DC67D14F0CD}.Release|Any CPU.ActiveCfg = Release|Any CPU
		{C193CF29-6D7A-4A40-9EEB-6DC67D14F0CD}.Release|Any CPU.Build.0 = Release|Any CPU
		{F717FA4E-66FA-44E9-97C2-7FF0CEA4D8B7}.Debug|Any CPU.ActiveCfg = Debug|Any CPU
		{F717FA4E-66FA-44E9-97C2-7FF0CEA4D8B7}.Debug|Any CPU.Build.0 = Debug|Any CPU
		{F717FA4E-66FA-44E9-97C2-7FF0CEA4D8B7}.Release|Any CPU.ActiveCfg = Release|Any CPU
		{F717FA4E-66FA-44E9-97C2-7FF0CEA4D8B7}.Release|Any CPU.Build.0 = Release|Any CPU
		{E0967BB9-6673-439A-BF8C-698F768E45B7}.Debug|Any CPU.ActiveCfg = Debug|Any CPU
		{E0967BB9-6673-439A-BF8C-698F768E45B7}.Debug|Any CPU.Build.0 = Debug|Any CPU
		{E0967BB9-6673-439A-BF8C-698F768E45B7}.Release|Any CPU.ActiveCfg = Release|Any CPU
		{E0967BB9-6673-439A-BF8C-698F768E45B7}.Release|Any CPU.Build.0 = Release|Any CPU
		{67DF68E9-CFB8-48AD-9358-27965AF044A7}.Debug|Any CPU.ActiveCfg = Debug|Any CPU
		{67DF68E9-CFB8-48AD-9358-27965AF044A7}.Debug|Any CPU.Build.0 = Debug|Any CPU
		{67DF68E9-CFB8-48AD-9358-27965AF044A7}.Release|Any CPU.ActiveCfg = Release|Any CPU
		{67DF68E9-CFB8-48AD-9358-27965AF044A7}.Release|Any CPU.Build.0 = Release|Any CPU
		{B1AE75B9-C160-4519-BBAC-2C5EE6A3E832}.Debug|Any CPU.ActiveCfg = Debug|Any CPU
		{B1AE75B9-C160-4519-BBAC-2C5EE6A3E832}.Debug|Any CPU.Build.0 = Debug|Any CPU
		{B1AE75B9-C160-4519-BBAC-2C5EE6A3E832}.Release|Any CPU.ActiveCfg = Release|Any CPU
		{B1AE75B9-C160-4519-BBAC-2C5EE6A3E832}.Release|Any CPU.Build.0 = Release|Any CPU
		{82E4BB91-6D4D-4032-B8F2-8A94216F741D}.Debug|Any CPU.ActiveCfg = Debug|Any CPU
		{82E4BB91-6D4D-4032-B8F2-8A94216F741D}.Debug|Any CPU.Build.0 = Debug|Any CPU
		{82E4BB91-6D4D-4032-B8F2-8A94216F741D}.Release|Any CPU.ActiveCfg = Release|Any CPU
		{82E4BB91-6D4D-4032-B8F2-8A94216F741D}.Release|Any CPU.Build.0 = Release|Any CPU
	EndGlobalSection
	GlobalSection(SolutionProperties) = preSolution
		HideSolutionNode = FALSE
	EndGlobalSection
	GlobalSection(NestedProjects) = preSolution
		{E2BDD997-38B5-4966-8A57-0910FF5AB0D1} = {B0C56587-5FCC-4B7B-B643-BD39B27C31DF}
		{0E116495-7F9A-4C6D-B57F-C19386ECD7D4} = {B0C56587-5FCC-4B7B-B643-BD39B27C31DF}
		{6F62F7C9-9949-4D9D-B3E2-50957A7FD779} = {B0C56587-5FCC-4B7B-B643-BD39B27C31DF}
		{C193CF29-6D7A-4A40-9EEB-6DC67D14F0CD} = {B0C56587-5FCC-4B7B-B643-BD39B27C31DF}
		{F717FA4E-66FA-44E9-97C2-7FF0CEA4D8B7} = {B0C56587-5FCC-4B7B-B643-BD39B27C31DF}
		{E0967BB9-6673-439A-BF8C-698F768E45B7} = {B0C56587-5FCC-4B7B-B643-BD39B27C31DF}
		{67DF68E9-CFB8-48AD-9358-27965AF044A7} = {B0C56587-5FCC-4B7B-B643-BD39B27C31DF}
		{B1AE75B9-C160-4519-BBAC-2C5EE6A3E832} = {B0C56587-5FCC-4B7B-B643-BD39B27C31DF}
	EndGlobalSection
	GlobalSection(ExtensibilityGlobals) = postSolution
		SolutionGuid = {0A8B1B7F-8DCB-4D85-B045-07B9F5A0228A}
	EndGlobalSection
EndGlobal
